
Microsoft Visual Studio Solution File, Format Version 12.00
# Visual Studio Version 17
VisualStudioVersion = 17.0.31903.59
MinimumVisualStudioVersion = 10.0.40219.1
Project("{2150E333-8FDC-42A3-9474-1A3956D46DE8}") = "src", "src", "{827E0CD3-B72D-47B6-A68D-7590B98EB39B}"
EndProject
Project("{FAE04EC0-301F-11D3-BF4B-00C04F79EFBC}") = "IIoT.FaultDiagnosis.Api", "src\IIoT.FaultDiagnosis.Api\IIoT.FaultDiagnosis.Api.csproj", "{3AA79666-FE8F-4E29-8902-D20DB9004EDC}"
EndProject
Project("{FAE04EC0-301F-11D3-BF4B-00C04F79EFBC}") = "IIoT.FaultDiagnosis.Application", "src\IIoT.FaultDiagnosis.Application\IIoT.FaultDiagnosis.Application.csproj", "{3610BDFC-7A6F-4318-890E-715D74B48BAB}"
EndProject
Project("{FAE04EC0-301F-11D3-BF4B-00C04F79EFBC}") = "IIoT.FaultDiagnosis.Domain", "src\IIoT.FaultDiagnosis.Domain\IIoT.FaultDiagnosis.Domain.csproj", "{32A7E42D-D646-488E-BEE9-3DF8AB32584F}"
EndProject
Project("{FAE04EC0-301F-11D3-BF4B-00C04F79EFBC}") = "IIoT.FaultDiagnosis.Infrastructure", "src\IIoT.FaultDiagnosis.Infrastructure\IIoT.FaultDiagnosis.Infrastructure.csproj", "{F5944DEA-5BB1-485B-935E-6B1D82F634D2}"
EndProject
Project("{FAE04EC0-301F-11D3-BF4B-00C04F79EFBC}") = "IIoT.FaultDiagnosis.Protocols", "src\IIoT.FaultDiagnosis.Protocols\IIoT.FaultDiagnosis.Protocols.csproj", "{035EDEF2-5D36-4995-8FD2-E360137113E3}"
EndProject
Project("{FAE04EC0-301F-11D3-BF4B-00C04F79EFBC}") = "IIoT.FaultDiagnosis.Worker", "src\IIoT.FaultDiagnosis.Worker\IIoT.FaultDiagnosis.Worker.csproj", "{770FECC6-7B5C-4C28-9107-E6564BBBD2A2}"
EndProject
Project("{2150E333-8FDC-42A3-9474-1A3956D46DE8}") = "tests", "tests", "{0AB3BF05-4346-4AA6-1389-037BE0695223}"
EndProject
Project("{FAE04EC0-301F-11D3-BF4B-00C04F79EFBC}") = "IIoT.FaultDiagnosis.IntegrationTests", "tests\IIoT.FaultDiagnosis.IntegrationTests\IIoT.FaultDiagnosis.IntegrationTests.csproj", "{8B3F8CEC-31D3-4D8C-B729-A8794DFE445A}"
EndProject
Project("{FAE04EC0-301F-11D3-BF4B-00C04F79EFBC}") = "IIoT.FaultDiagnosis.UnitTests", "tests\IIoT.FaultDiagnosis.UnitTests\IIoT.FaultDiagnosis.UnitTests.csproj", "{0A399A0F-3CB0-4634-B0F2-3F0FC8F54FD3}"
EndProject
Global
	GlobalSection(SolutionConfigurationPlatforms) = preSolution
		Debug|Any CPU = Debug|Any CPU
		Debug|x64 = Debug|x64
		Debug|x86 = Debug|x86
		Release|Any CPU = Release|Any CPU
		Release|x64 = Release|x64
		Release|x86 = Release|x86
	EndGlobalSection
	GlobalSection(ProjectConfigurationPlatforms) = postSolution
		{3AA79666-FE8F-4E29-8902-D20DB9004EDC}.Debug|Any CPU.ActiveCfg = Debug|Any CPU
		{3AA79666-FE8F-4E29-8902-D20DB9004EDC}.Debug|Any CPU.Build.0 = Debug|Any CPU
		{3AA79666-FE8F-4E29-8902-D20DB9004EDC}.Debug|x64.ActiveCfg = Debug|Any CPU
		{3AA79666-FE8F-4E29-8902-D20DB9004EDC}.Debug|x64.Build.0 = Debug|Any CPU
		{3AA79666-FE8F-4E29-8902-D20DB9004EDC}.Debug|x86.ActiveCfg = Debug|Any CPU
		{3AA79666-FE8F-4E29-8902-D20DB9004EDC}.Debug|x86.Build.0 = Debug|Any CPU
		{3AA79666-FE8F-4E29-8902-D20DB9004EDC}.Release|Any CPU.ActiveCfg = Release|Any CPU
		{3AA79666-FE8F-4E29-8902-D20DB9004EDC}.Release|Any CPU.Build.0 = Release|Any CPU
		{3AA79666-FE8F-4E29-8902-D20DB9004EDC}.Release|x64.ActiveCfg = Release|Any CPU
		{3AA79666-FE8F-4E29-8902-D20DB9004EDC}.Release|x64.Build.0 = Release|Any CPU
		{3AA79666-FE8F-4E29-8902-D20DB9004EDC}.Release|x86.ActiveCfg = Release|Any CPU
		{3AA79666-FE8F-4E29-8902-D20DB9004EDC}.Release|x86.Build.0 = Release|Any CPU
		{3610BDFC-7A6F-4318-890E-715D74B48BAB}.Debug|Any CPU.ActiveCfg = Debug|Any CPU
		{3610BDFC-7A6F-4318-890E-715D74B48BAB}.Debug|Any CPU.Build.0 = Debug|Any CPU
		{3610BDFC-7A6F-4318-890E-715D74B48BAB}.Debug|x64.ActiveCfg = Debug|Any CPU
		{3610BDFC-7A6F-4318-890E-715D74B48BAB}.Debug|x64.Build.0 = Debug|Any CPU
		{3610BDFC-7A6F-4318-890E-715D74B48BAB}.Debug|x86.ActiveCfg = Debug|Any CPU
		{3610BDFC-7A6F-4318-890E-715D74B48BAB}.Debug|x86.Build.0 = Debug|Any CPU
		{3610BDFC-7A6F-4318-890E-715D74B48BAB}.Release|Any CPU.ActiveCfg = Release|Any CPU
		{3610BDFC-7A6F-4318-890E-715D74B48BAB}.Release|Any CPU.Build.0 = Release|Any CPU
		{3610BDFC-7A6F-4318-890E-715D74B48BAB}.Release|x64.ActiveCfg = Release|Any CPU
		{3610BDFC-7A6F-4318-890E-715D74B48BAB}.Release|x64.Build.0 = Release|Any CPU
		{3610BDFC-7A6F-4318-890E-715D74B48BAB}.Release|x86.ActiveCfg = Release|Any CPU
		{3610BDFC-7A6F-4318-890E-715D74B48BAB}.Release|x86.Build.0 = Release|Any CPU
		{32A7E42D-D646-488E-BEE9-3DF8AB32584F}.Debug|Any CPU.ActiveCfg = Debug|Any CPU
		{32A7E42D-D646-488E-BEE9-3DF8AB32584F}.Debug|Any CPU.Build.0 = Debug|Any CPU
		{32A7E42D-D646-488E-BEE9-3DF8AB32584F}.Debug|x64.ActiveCfg = Debug|Any CPU
		{32A7E42D-D646-488E-BEE9-3DF8AB32584F}.Debug|x64.Build.0 = Debug|Any CPU
		{32A7E42D-D646-488E-BEE9-3DF8AB32584F}.Debug|x86.ActiveCfg = Debug|Any CPU
		{32A7E42D-D646-488E-BEE9-3DF8AB32584F}.Debug|x86.Build.0 = Debug|Any CPU
		{32A7E42D-D646-488E-BEE9-3DF8AB32584F}.Release|Any CPU.ActiveCfg = Release|Any CPU
		{32A7E42D-D646-488E-BEE9-3DF8AB32584F}.Release|Any CPU.Build.0 = Release|Any CPU
		{32A7E42D-D646-488E-BEE9-3DF8AB32584F}.Release|x64.ActiveCfg = Release|Any CPU
		{32A7E42D-D646-488E-BEE9-3DF8AB32584F}.Release|x64.Build.0 = Release|Any CPU
		{32A7E42D-D646-488E-BEE9-3DF8AB32584F}.Release|x86.ActiveCfg = Release|Any CPU
		{32A7E42D-D646-488E-BEE9-3DF8AB32584F}.Release|x86.Build.0 = Release|Any CPU
		{F5944DEA-5BB1-485B-935E-6B1D82F634D2}.Debug|Any CPU.ActiveCfg = Debug|Any CPU
		{F5944DEA-5BB1-485B-935E-6B1D82F634D2}.Debug|Any CPU.Build.0 = Debug|Any CPU
		{F5944DEA-5BB1-485B-935E-6B1D82F634D2}.Debug|x64.ActiveCfg = Debug|Any CPU
		{F5944DEA-5BB1-485B-935E-6B1D82F634D2}.Debug|x64.Build.0 = Debug|Any CPU
		{F5944DEA-5BB1-485B-935E-6B1D82F634D2}.Debug|x86.ActiveCfg = Debug|Any CPU
		{F5944DEA-5BB1-485B-935E-6B1D82F634D2}.Debug|x86.Build.0 = Debug|Any CPU
		{F5944DEA-5BB1-485B-935E-6B1D82F634D2}.Release|Any CPU.ActiveCfg = Release|Any CPU
		{F5944DEA-5BB1-485B-935E-6B1D82F634D2}.Release|Any CPU.Build.0 = Release|Any CPU
		{F5944DEA-5BB1-485B-935E-6B1D82F634D2}.Release|x64.ActiveCfg = Release|Any CPU
		{F5944DEA-5BB1-485B-935E-6B1D82F634D2}.Release|x64.Build.0 = Release|Any CPU
		{F5944DEA-5BB1-485B-935E-6B1D82F634D2}.Release|x86.ActiveCfg = Release|Any CPU
		{F5944DEA-5BB1-485B-935E-6B1D82F634D2}.Release|x86.Build.0 = Release|Any CPU
		{035EDEF2-5D36-4995-8FD2-E360137113E3}.Debug|Any CPU.ActiveCfg = Debug|Any CPU
		{035EDEF2-5D36-4995-8FD2-E360137113E3}.Debug|Any CPU.Build.0 = Debug|Any CPU
		{035EDEF2-5D36-4995-8FD2-E360137113E3}.Debug|x64.ActiveCfg = Debug|Any CPU
		{035EDEF2-5D36-4995-8FD2-E360137113E3}.Debug|x64.Build.0 = Debug|Any CPU
		{035EDEF2-5D36-4995-8FD2-E360137113E3}.Debug|x86.ActiveCfg = Debug|Any CPU
		{035EDEF2-5D36-4995-8FD2-E360137113E3}.Debug|x86.Build.0 = Debug|Any CPU
		{035EDEF2-5D36-4995-8FD2-E360137113E3}.Release|Any CPU.ActiveCfg = Release|Any CPU
		{035EDEF2-5D36-4995-8FD2-E360137113E3}.Release|Any CPU.Build.0 = Release|Any CPU
		{035EDEF2-5D36-4995-8FD2-E360137113E3}.Release|x64.ActiveCfg = Release|Any CPU
		{035EDEF2-5D36-4995-8FD2-E360137113E3}.Release|x64.Build.0 = Release|Any CPU
		{035EDEF2-5D36-4995-8FD2-E360137113E3}.Release|x86.ActiveCfg = Release|Any CPU
		{035EDEF2-5D36-4995-8FD2-E360137113E3}.Release|x86.Build.0 = Release|Any CPU
		{770FECC6-7B5C-4C28-9107-E6564BBBD2A2}.Debug|Any CPU.ActiveCfg = Debug|Any CPU
		{770FECC6-7B5C-4C28-9107-E6564BBBD2A2}.Debug|Any CPU.Build.0 = Debug|Any CPU
		{770FECC6-7B5C-4C28-9107-E6564BBBD2A2}.Debug|x64.ActiveCfg = Debug|Any CPU
		{770FECC6-7B5C-4C28-9107-E6564BBBD2A2}.Debug|x64.Build.0 = Debug|Any CPU
		{770FECC6-7B5C-4C28-9107-E6564BBBD2A2}.Debug|x86.ActiveCfg = Debug|Any CPU
		{770FECC6-7B5C-4C28-9107-E6564BBBD2A2}.Debug|x86.Build.0 = Debug|Any CPU
		{770FECC6-7B5C-4C28-9107-E6564BBBD2A2}.Release|Any CPU.ActiveCfg = Release|Any CPU
		{770FECC6-7B5C-4C28-9107-E6564BBBD2A2}.Release|Any CPU.Build.0 = Release|Any CPU
		{770FECC6-7B5C-4C28-9107-E6564BBBD2A2}.Release|x64.ActiveCfg = Release|Any CPU
		{770FECC6-7B5C-4C28-9107-E6564BBBD2A2}.Release|x64.Build.0 = Release|Any CPU
		{770FECC6-7B5C-4C28-9107-E6564BBBD2A2}.Release|x86.ActiveCfg = Release|Any CPU
		{770FECC6-7B5C-4C28-9107-E6564BBBD2A2}.Release|x86.Build.0 = Release|Any CPU
		{8B3F8CEC-31D3-4D8C-B729-A8794DFE445A}.Debug|Any CPU.ActiveCfg = Debug|Any CPU
		{8B3F8CEC-31D3-4D8C-B729-A8794DFE445A}.Debug|Any CPU.Build.0 = Debug|Any CPU
		{8B3F8CEC-31D3-4D8C-B729-A8794DFE445A}.Debug|x64.ActiveCfg = Debug|Any CPU
		{8B3F8CEC-31D3-4D8C-B729-A8794DFE445A}.Debug|x64.Build.0 = Debug|Any CPU
		{8B3F8CEC-31D3-4D8C-B729-A8794DFE445A}.Debug|x86.ActiveCfg = Debug|Any CPU
		{8B3F8CEC-31D3-4D8C-B729-A8794DFE445A}.Debug|x86.Build.0 = Debug|Any CPU
		{8B3F8CEC-31D3-4D8C-B729-A8794DFE445A}.Release|Any CPU.ActiveCfg = Release|Any CPU
		{8B3F8CEC-31D3-4D8C-B729-A8794DFE445A}.Release|Any CPU.Build.0 = Release|Any CPU
		{8B3F8CEC-31D3-4D8C-B729-A8794DFE445A}.Release|x64.ActiveCfg = Release|Any CPU
		{8B3F8CEC-31D3-4D8C-B729-A8794DFE445A}.Release|x64.Build.0 = Release|Any CPU
		{8B3F8CEC-31D3-4D8C-B729-A8794DFE445A}.Release|x86.ActiveCfg = Release|Any CPU
		{8B3F8CEC-31D3-4D8C-B729-A8794DFE445A}.Release|x86.Build.0 = Release|Any CPU
		{0A399A0F-3CB0-4634-B0F2-3F0FC8F54FD3}.Debug|Any CPU.ActiveCfg = Debug|Any CPU
		{0A399A0F-3CB0-4634-B0F2-3F0FC8F54FD3}.Debug|Any CPU.Build.0 = Debug|Any CPU
		{0A399A0F-3CB0-4634-B0F2-3F0FC8F54FD3}.Debug|x64.ActiveCfg = Debug|Any CPU
		{0A399A0F-3CB0-4634-B0F2-3F0FC8F54FD3}.Debug|x64.Build.0 = Debug|Any CPU
		{0A399A0F-3CB0-4634-B0F2-3F0FC8F54FD3}.Debug|x86.ActiveCfg = Debug|Any CPU
		{0A399A0F-3CB0-4634-B0F2-3F0FC8F54FD3}.Debug|x86.Build.0 = Debug|Any CPU
		{0A399A0F-3CB0-4634-B0F2-3F0FC8F54FD3}.Release|Any CPU.ActiveCfg = Release|Any CPU
		{0A399A0F-3CB0-4634-B0F2-3F0FC8F54FD3}.Release|Any CPU.Build.0 = Release|Any CPU
		{0A399A0F-3CB0-4634-B0F2-3F0FC8F54FD3}.Release|x64.ActiveCfg = Release|Any CPU
		{0A399A0F-3CB0-4634-B0F2-3F0FC8F54FD3}.Release|x64.Build.0 = Release|Any CPU
		{0A399A0F-3CB0-4634-B0F2-3F0FC8F54FD3}.Release|x86.ActiveCfg = Release|Any CPU
		{0A399A0F-3CB0-4634-B0F2-3F0FC8F54FD3}.Release|x86.Build.0 = Release|Any CPU
	EndGlobalSection
	GlobalSection(SolutionProperties) = preSolution
		HideSolutionNode = FALSE
	EndGlobalSection
	GlobalSection(NestedProjects) = preSolution
		{3AA79666-FE8F-4E29-8902-D20DB9004EDC} = {827E0CD3-B72D-47B6-A68D-7590B98EB39B}
		{3610BDFC-7A6F-4318-890E-715D74B48BAB} = {827E0CD3-B72D-47B6-A68D-7590B98EB39B}
		{32A7E42D-D646-488E-BEE9-3DF8AB32584F} = {827E0CD3-B72D-47B6-A68D-7590B98EB39B}
		{F5944DEA-5BB1-485B-935E-6B1D82F634D2} = {827E0CD3-B72D-47B6-A68D-7590B98EB39B}
		{035EDEF2-5D36-4995-8FD2-E360137113E3} = {827E0CD3-B72D-47B6-A68D-7590B98EB39B}
		{770FECC6-7B5C-4C28-9107-E6564BBBD2A2} = {827E0CD3-B72D-47B6-A68D-7590B98EB39B}
		{8B3F8CEC-31D3-4D8C-B729-A8794DFE445A} = {0AB3BF05-4346-4AA6-1389-037BE0695223}
		{0A399A0F-3CB0-4634-B0F2-3F0FC8F54FD3} = {0AB3BF05-4346-4AA6-1389-037BE0695223}
	EndGlobalSection
EndGlobal
